
Microsoft Visual Studio Solution File, Format Version 12.00
# Visual Studio Version 16
VisualStudioVersion = 16.0.31005.135
MinimumVisualStudioVersion = 10.0.40219.1
Project("{FAE04EC0-301F-11D3-BF4B-00C04F79EFBC}") = "RSA1", "RSA1\RSA1.csproj", "{07B9385D-5FBD-48E4-9D2F-A9C2C8704309}"
EndProject
Global
	GlobalSection(SolutionConfigurationPlatforms) = preSolution
		Debug|Any CPU = Debug|Any CPU
		Release|Any CPU = Release|Any CPU
	EndGlobalSection
	GlobalSection(ProjectConfigurationPlatforms) = postSolution
		{07B9385D-5FBD-48E4-9D2F-A9C2C8704309}.Debug|Any CPU.ActiveCfg = Debug|Any CPU
		{07B9385D-5FBD-48E4-9D2F-A9C2C8704309}.Debug|Any CPU.Build.0 = Debug|Any CPU
		{07B9385D-5FBD-48E4-9D2F-A9C2C8704309}.Release|Any CPU.ActiveCfg = Release|Any CPU
		{07B9385D-5FBD-48E4-9D2F-A9C2C8704309}.Release|Any CPU.Build.0 = Release|Any CPU
	EndGlobalSection
	GlobalSection(SolutionProperties) = preSolution
		HideSolutionNode = FALSE
	EndGlobalSection
	GlobalSection(ExtensibilityGlobals) = postSolution
		SolutionGuid = {A1CF43AE-3028-443D-B129-34AF218702A0}
	EndGlobalSection
EndGlobal
